
Microsoft Visual Studio Solution File, Format Version 12.00
# Visual Studio 15
VisualStudioVersion = 15.0.28307.705
MinimumVisualStudioVersion = 10.0.40219.1
Project("{FAE04EC0-301F-11D3-BF4B-00C04F79EFBC}") = "RestaurantChoice", "RestaurantChoice\RestaurantChoice.csproj", "{93AAEB5C-C761-4FA8-8668-3FBC738A67BB}"
EndProject
Project("{FAE04EC0-301F-11D3-BF4B-00C04F79EFBC}") = "RestaurantChoice.Tests", "RestaurantChoice.Tests\RestaurantChoice.Tests.csproj", "{5C83F21A-299A-40AC-B3FF-C3B382C1EE88}"
EndProject
Global
	GlobalSection(SolutionConfigurationPlatforms) = preSolution
		Debug|Any CPU = Debug|Any CPU
		Release|Any CPU = Release|Any CPU
	EndGlobalSection
	GlobalSection(ProjectConfigurationPlatforms) = postSolution
		{93AAEB5C-C761-4FA8-8668-3FBC738A67BB}.Debug|Any CPU.ActiveCfg = Debug|Any CPU
		{93AAEB5C-C761-4FA8-8668-3FBC738A67BB}.Debug|Any CPU.Build.0 = Debug|Any CPU
		{93AAEB5C-C761-4FA8-8668-3FBC738A67BB}.Release|Any CPU.ActiveCfg = Release|Any CPU
		{93AAEB5C-C761-4FA8-8668-3FBC738A67BB}.Release|Any CPU.Build.0 = Release|Any CPU
		{5C83F21A-299A-40AC-B3FF-C3B382C1EE88}.Debug|Any CPU.ActiveCfg = Debug|Any CPU
		{5C83F21A-299A-40AC-B3FF-C3B382C1EE88}.Debug|Any CPU.Build.0 = Debug|Any CPU
		{5C83F21A-299A-40AC-B3FF-C3B382C1EE88}.Release|Any CPU.ActiveCfg = Release|Any CPU
		{5C83F21A-299A-40AC-B3FF-C3B382C1EE88}.Release|Any CPU.Build.0 = Release|Any CPU
	EndGlobalSection
	GlobalSection(SolutionProperties) = preSolution
		HideSolutionNode = FALSE
	EndGlobalSection
	GlobalSection(ExtensibilityGlobals) = postSolution
		SolutionGuid = {F76DDC0F-B7A0-410F-9BC4-C8A3A0F7B538}
	EndGlobalSection
EndGlobal
